{
  "lockfile_version": "1",
  "packages": {
    "gh@2.95.0": {
      "last_modified": "2026-06-27T07:37:20Z",
      "resolved": "github:NixOS/nixpkgs/3d46470bb3030020f7e1361f33514854f5bfa86d#gh",
      "source": "devbox-search",
      "version": "2.95.0",
      "systems": {
        "aarch64-darwin": {
          "outputs": [
            {
              "name": "out",
              "path": "/nix/store/bm42hwfaaxl52ggr5ykj51hbrinmg4ic-gh-2.95.0",
              "default": true
            }
          ],
          "store_path": "/nix/store/bm42hwfaaxl52ggr5ykj51hbrinmg4ic-gh-2.95.0"
        },
        "aarch64-linux": {
          "outputs": [
            {
              "name": "out",
              "path": "/nix/store/n7kbzdvnj09rbcvpxcb2ajzyglwn51wa-gh-2.95.0",
              "default": true
            }
          ],
          "store_path": "/nix/store/n7kbzdvnj09rbcvpxcb2ajzyglwn51wa-gh-2.95.0"
        },
        "x86_64-darwin": {
          "outputs": [
            {
              "name": "out",
              "path": "/nix/store/mf9vjs2xy59kg87iyywkzszy00cz6a4n-gh-2.95.0",
              "default": true
            }
          ],
          "store_path": "/nix/store/mf9vjs2xy59kg87iyywkzszy00cz6a4n-gh-2.95.0"
        },
        "x86_64-linux": {
          "outputs": [
            {
              "name": "out",
              "path": "/nix/store/k8213mqprqmxbcd4mdmvbnqzlir1hb21-gh-2.95.0",
              "default": true
            }
          ],
          "store_path": "/nix/store/k8213mqprqmxbcd4mdmvbnqzlir1hb21-gh-2.95.0"
        }
      }
    },
    "git@2.54.0": {
      "last_modified": "2026-06-27T07:37:20Z",
      "resolved": "github:NixOS/nixpkgs/3d46470bb3030020f7e1361f33514854f5bfa86d#git",
      "source": "devbox-search",
      "version": "2.54.0",
      "systems": {
        "aarch64-darwin": {
          "outputs": [
            {
              "name": "out",
              "path": "/nix/store/7p841rdaha0pj23srg7lrwpnlaxyr7gr-git-2.54.0",
              "default": true
            },
            {
              "name": "doc",
              "path": "/nix/store/53n75imxnfbr1nbkll4djg98r9vg1lyw-git-2.54.0-doc"
            }
          ],
          "store_path": "/nix/store/7p841rdaha0pj23srg7lrwpnlaxyr7gr-git-2.54.0"
        },
        "aarch64-linux": {
          "outputs": [
            {
              "name": "out",
              "path": "/nix/store/j76bc0jffq323b6kvrckky5152h0pfdk-git-2.54.0",
              "default": true
            },
            {
              "name": "debug",
              "path": "/nix/store/hi8y2a7kxz94pmnfh3k2gp2mzr57xmqd-git-2.54.0-debug"
            },
            {
              "name": "doc",
              "path": "/nix/store/ms4bxp0svz53yzxqwfzp5lwp22v11m7d-git-2.54.0-doc"
            }
          ],
          "store_path": "/nix/store/j76bc0jffq323b6kvrckky5152h0pfdk-git-2.54.0"
        },
        "x86_64-darwin": {
          "outputs": [
            {
              "name": "out",
              "path": "/nix/store/x671lak90qvcxgc5irp4xv5zdbaym2yr-git-2.54.0",
              "default": true
            },
            {
              "name": "doc",
              "path": "/nix/store/zakmjh312hmg2yslsyqmnw8lb8dgmyyk-git-2.54.0-doc"
            }
          ],
          "store_path": "/nix/store/x671lak90qvcxgc5irp4xv5zdbaym2yr-git-2.54.0"
        },
        "x86_64-linux": {
          "outputs": [
            {
              "name": "out",
              "path": "/nix/store/k3wl6cg7q50zkx47af3msmg1yrg1f203-git-2.54.0",
              "default": true
            },
            {
              "name": "debug",
              "path": "/nix/store/7bjwn43x9gcaf249d8l651083ri033dy-git-2.54.0-debug"
            },
            {
              "name": "doc",
              "path": "/nix/store/9a0f1mfx8n1b8y64qx9999pq70j48ms6-git-2.54.0-doc"
            }
          ],
          "store_path": "/nix/store/k3wl6cg7q50zkx47af3msmg1yrg1f203-git-2.54.0"
        }
      }
    },
    "github:NixOS/nixpkgs/nixpkgs-unstable": {
      "last_modified": "2026-02-08T07:51:33Z",
      "resolved": "github:NixOS/nixpkgs/fef9403a3e4d31b0a23f0bacebbec52c248fbb51?lastModified=1770537093"
    },
    "go-task@3.48.0": {
      "last_modified": "2026-02-02T23:09:17Z",
      "resolved": "github:NixOS/nixpkgs/47472570b1e607482890801aeaf29bfb749884f6#go-task",
      "source": "devbox-search",
      "version": "3.48.0",
      "systems": {
        "aarch64-darwin": {
          "outputs": [
            {
              "name": "out",
              "path": "/nix/store/xcbnv9rgpbrrbjc9rhcryn29fkapyy7a-go-task-3.48.0",
              "default": true
            }
          ],
          "store_path": "/nix/store/xcbnv9rgpbrrbjc9rhcryn29fkapyy7a-go-task-3.48.0"
        },
        "aarch64-linux": {
          "outputs": [
            {
              "name": "out",
              "path": "/nix/store/ncpxzr2h6wmbw3x1rk64wbpdrdk7hnc5-go-task-3.48.0",
              "default": true
            }
          ],
          "store_path": "/nix/store/ncpxzr2h6wmbw3x1rk64wbpdrdk7hnc5-go-task-3.48.0"
        },
        "x86_64-darwin": {
          "outputs": [
            {
              "name": "out",
              "path": "/nix/store/xvrsali850p07x38l7vg337nfmy8sf4d-go-task-3.48.0",
              "default": true
            }
          ],
          "store_path": "/nix/store/xvrsali850p07x38l7vg337nfmy8sf4d-go-task-3.48.0"
        },
        "x86_64-linux": {
          "outputs": [
            {
              "name": "out",
              "path": "/nix/store/5aa1yhiq2vx8widj750xb8b7rp21xrwn-go-task-3.48.0",
              "default": true
            }
          ],
          "store_path": "/nix/store/5aa1yhiq2vx8widj750xb8b7rp21xrwn-go-task-3.48.0"
        }
      }
    },
    "kind@0.31.0": {
      "last_modified": "2026-01-23T17:20:52Z",
      "resolved": "github:NixOS/nixpkgs/a1bab9e494f5f4939442a57a58d0449a109593fe#kind",
      "source": "devbox-search",
      "version": "0.31.0",
      "systems": {
        "aarch64-darwin": {
          "outputs": [
            {
              "name": "out",
              "path": "/nix/store/jhrinvskzfygyf1zpqdldrr4s684pqpq-kind-0.31.0",
              "default": true
            }
          ],
          "store_path": "/nix/store/jhrinvskzfygyf1zpqdldrr4s684pqpq-kind-0.31.0"
        },
        "aarch64-linux": {
          "outputs": [
            {
              "name": "out",
              "path": "/nix/store/z4c4swmiyk3nrcp7glz773mlkhzay46s-kind-0.31.0",
              "default": true
            }
          ],
          "store_path": "/nix/store/z4c4swmiyk3nrcp7glz773mlkhzay46s-kind-0.31.0"
        },
        "x86_64-darwin": {
          "outputs": [
            {
              "name": "out",
              "path": "/nix/store/837blpxb5qvcslbm5s770cx8wzhm4wgv-kind-0.31.0",
              "default": true
            }
          ],
          "store_path": "/nix/store/837blpxb5qvcslbm5s770cx8wzhm4wgv-kind-0.31.0"
        },
        "x86_64-linux": {
          "outputs": [
            {
              "name": "out",
              "path": "/nix/store/y8w7xm64r76pvdycqjmi7389cv6ilh3g-kind-0.31.0",
              "default": true
            }
          ],
          "store_path": "/nix/store/y8w7xm64r76pvdycqjmi7389cv6ilh3g-kind-0.31.0"
        }
      }
    },
    "kubectl@1.36.2": {
      "last_modified": "2026-07-08T21:13:06Z",
      "resolved": "github:NixOS/nixpkgs/389ed85304b281ca7f306cf8a1eb4378651ca44e#kubectl",
      "source": "devbox-search",
      "version": "1.36.2",
      "systems": {
        "aarch64-darwin": {
          "outputs": [
            {
              "name": "out",
              "path": "/nix/store/806xyx70bxy95v1w2rardkzx6qjav9pb-kubectl-1.36.2",
              "default": true
            },
            {
              "name": "man",
              "path": "/nix/store/8iycjxifvxynsgvjnzz6gxj94dil34fw-kubectl-1.36.2-man",
              "default": true
            },
            {
              "name": "convert",
              "path": "/nix/store/xi9x58rkqqqxn8wa07m601f3s1y5m0s5-kubectl-1.36.2-convert"
            }
          ],
          "store_path": "/nix/store/806xyx70bxy95v1w2rardkzx6qjav9pb-kubectl-1.36.2"
        },
        "aarch64-linux": {
          "outputs": [
            {
              "name": "out",
              "path": "/nix/store/dnvm81l1g6avgzlvysih7b8f88028af0-kubectl-1.36.2",
              "default": true
            },
            {
              "name": "man",
              "path": "/nix/store/6isif4azydi68pd7nwbknd8sppn89cya-kubectl-1.36.2-man",
              "default": true
            },
            {
              "name": "convert",
              "path": "/nix/store/ivx4kgsqkj864nsnn5pw07n2nfih8k2j-kubectl-1.36.2-convert"
            }
          ],
          "store_path": "/nix/store/dnvm81l1g6avgzlvysih7b8f88028af0-kubectl-1.36.2"
        },
        "x86_64-darwin": {
          "outputs": [
            {
              "name": "out",
              "path": "/nix/store/2mzx35a2g3h1n4lpk0p6qm6dl83d2gi6-kubectl-1.36.2",
              "default": true
            },
            {
              "name": "man",
              "path": "/nix/store/8agbav6nsacbxb826wwhy27dckb60hhk-kubectl-1.36.2-man",
              "default": true
            },
            {
              "name": "convert",
              "path": "/nix/store/xavdplccjx28qkqadjgs7mnimc3sizjk-kubectl-1.36.2-convert"
            }
          ],
          "store_path": "/nix/store/2mzx35a2g3h1n4lpk0p6qm6dl83d2gi6-kubectl-1.36.2"
        },
        "x86_64-linux": {
          "outputs": [
            {
              "name": "out",
              "path": "/nix/store/8y8mkasqzjkgr5349s2hmac8wzfwmcy2-kubectl-1.36.2",
              "default": true
            },
            {
              "name": "man",
              "path": "/nix/store/hhgwf0kvf9csq6nwbq3ngsd10qmzjf12-kubectl-1.36.2-man",
              "default": true
            },
            {
              "name": "convert",
              "path": "/nix/store/bid336w6fdvrxcm73cf41fd3n06bw6vg-kubectl-1.36.2-convert"
            }
          ],
          "store_path": "/nix/store/8y8mkasqzjkgr5349s2hmac8wzfwmcy2-kubectl-1.36.2"
        }
      }
    },
    "kubernetes-helm@3.19.1": {
      "last_modified": "2026-01-23T17:20:52Z",
      "resolved": "github:NixOS/nixpkgs/a1bab9e494f5f4939442a57a58d0449a109593fe#kubernetes-helm",
      "source": "devbox-search",
      "version": "3.19.1",
      "systems": {
        "aarch64-darwin": {
          "outputs": [
            {
              "name": "out",
              "path": "/nix/store/gw5jvq4r17iqh751g7v71svxb3ncq7si-kubernetes-helm-3.19.1",
              "default": true
            }
          ],
          "store_path": "/nix/store/gw5jvq4r17iqh751g7v71svxb3ncq7si-kubernetes-helm-3.19.1"
        },
        "aarch64-linux": {
          "outputs": [
            {
              "name": "out",
              "path": "/nix/store/j1fh4wfj0b1dk87q0irz73k8gcqhr2ak-kubernetes-helm-3.19.1",
              "default": true
            }
          ],
          "store_path": "/nix/store/j1fh4wfj0b1dk87q0irz73k8gcqhr2ak-kubernetes-helm-3.19.1"
        },
        "x86_64-darwin": {
          "outputs": [
            {
              "name": "out",
              "path": "/nix/store/9g0nwl9nrf2rjs4kgz6yclr335jdq1r5-kubernetes-helm-3.19.1",
              "default": true
            }
          ],
          "store_path": "/nix/store/9g0nwl9nrf2rjs4kgz6yclr335jdq1r5-kubernetes-helm-3.19.1"
        },
        "x86_64-linux": {
          "outputs": [
            {
              "name": "out",
              "path": "/nix/store/n4np4p37d3k0nw0h4v9vvyrk8hj0qly0-kubernetes-helm-3.19.1",
              "default": true
            }
          ],
          "store_path": "/nix/store/n4np4p37d3k0nw0h4v9vvyrk8hj0qly0-kubernetes-helm-3.19.1"
        }
      }
    },
    "nushell@0.108.0": {
      "last_modified": "2025-12-31T03:27:36Z",
      "resolved": "github:NixOS/nixpkgs/f665af0cdb70ed27e1bd8f9fdfecaf451260fc55#nushell",
      "source": "devbox-search",
      "version": "0.108.0",
      "systems": {
        "aarch64-darwin": {
          "outputs": [
            {
              "name": "out",
              "path": "/nix/store/3j5w6cqrhb82pgnx8hrv50qivbc14zxx-nushell-0.108.0",
              "default": true
            }
          ],
          "store_path": "/nix/store/3j5w6cqrhb82pgnx8hrv50qivbc14zxx-nushell-0.108.0"
        },
        "aarch64-linux": {
          "outputs": [
            {
              "name": "out",
              "path": "/nix/store/b721y6sxcmwywrw507ns4xhlpq9ngxgh-nushell-0.108.0",
              "default": true
            }
          ],
          "store_path": "/nix/store/b721y6sxcmwywrw507ns4xhlpq9ngxgh-nushell-0.108.0"
        },
        "x86_64-darwin": {
          "outputs": [
            {
              "name": "out",
              "path": "/nix/store/1r8sxb4va37cmig1kix8dfxysgp7ilps-nushell-0.108.0",
              "default": true
            }
          ],
          "store_path": "/nix/store/1r8sxb4va37cmig1kix8dfxysgp7ilps-nushell-0.108.0"
        },
        "x86_64-linux": {
          "outputs": [
            {
              "name": "out",
              "path": "/nix/store/mnghz2rmv7fd4ymccs744wjnah3j3skn-nushell-0.108.0",
              "default": true
            }
          ],
          "store_path": "/nix/store/mnghz2rmv7fd4ymccs744wjnah3j3skn-nushell-0.108.0"
        }
      }
    },
    "vals@0.42.6": {
      "last_modified": "2025-12-31T03:27:36Z",
      "resolved": "github:NixOS/nixpkgs/f665af0cdb70ed27e1bd8f9fdfecaf451260fc55#vals",
      "source": "devbox-search",
      "version": "0.42.6",
      "systems": {
        "aarch64-darwin": {
          "outputs": [
            {
              "name": "out",
              "path": "/nix/store/b7wxjafb4il13b9lr0nd8k9lda5miy9g-vals-0.42.6",
              "default": true
            }
          ],
          "store_path": "/nix/store/b7wxjafb4il13b9lr0nd8k9lda5miy9g-vals-0.42.6"
        },
        "aarch64-linux": {
          "outputs": [
            {
              "name": "out",
              "path": "/nix/store/byp1xkjbmrclcs9gh5244y3vraj9s9lg-vals-0.42.6",
              "default": true
            }
          ],
          "store_path": "/nix/store/byp1xkjbmrclcs9gh5244y3vraj9s9lg-vals-0.42.6"
        },
        "x86_64-darwin": {
          "outputs": [
            {
              "name": "out",
              "path": "/nix/store/b3iqdxczbgps4lpshffkmk1g7braymyy-vals-0.42.6",
              "default": true
            }
          ],
          "store_path": "/nix/store/b3iqdxczbgps4lpshffkmk1g7braymyy-vals-0.42.6"
        },
        "x86_64-linux": {
          "outputs": [
            {
              "name": "out",
              "path": "/nix/store/ralcwln869c2v7sr5ldw64dh30nixilv-vals-0.42.6",
              "default": true
            }
          ],
          "store_path": "/nix/store/ralcwln869c2v7sr5ldw64dh30nixilv-vals-0.42.6"
        }
      }
    }
  }
}
